Microsoft Visual Studio Solution File, Format Version 12.00
# Visual Studio Version 17
VisualStudioVersion = 17.5.2.0
MinimumVisualStudioVersion = 10.0.40219.1
Project("{FAE04EC0-301F-11D3-BF4B-00C04F79EFBC}") = "tl2-tp5-2024-Fatatouille", "tl2-tp5-2024-Fatatouille.csproj", "{2AA6D898-358C-510A-CF55-85225E07F73A}"
EndProject
Global
	GlobalSection(SolutionConfigurationPlatforms) = preSolution
		Debug|Any CPU = Debug|Any CPU
		Release|Any CPU = Release|Any CPU
	EndGlobalSection
	GlobalSection(ProjectConfigurationPlatforms) = postSolution
		{2AA6D898-358C-510A-CF55-85225E07F73A}.Debug|Any CPU.ActiveCfg = Debug|Any CPU
		{2AA6D898-358C-510A-CF55-85225E07F73A}.Debug|Any CPU.Build.0 = Debug|Any CPU
		{2AA6D898-358C-510A-CF55-85225E07F73A}.Release|Any CPU.ActiveCfg = Release|Any CPU
		{2AA6D898-358C-510A-CF55-85225E07F73A}.Release|Any CPU.Build.0 = Release|Any CPU
	EndGlobalSection
	GlobalSection(SolutionProperties) = preSolution
		HideSolutionNode = FALSE
	EndGlobalSection
	GlobalSection(ExtensibilityGlobals) = postSolution
		SolutionGuid = {2E8C412A-4596-4D27-89C0-710D852C4ADD}
	EndGlobalSection
EndGlobal
